
Microsoft Visual Studio Solution File, Format Version 12.00
# Visual Studio Version 17
VisualStudioVersion = 17.4.33213.308
MinimumVisualStudioVersion = 10.0.40219.1
Project("{FAE04EC0-301F-11D3-BF4B-00C04F79EFBC}") = "IHSA_Backend", "IHSA_Backend.csproj", "{FA9D8E8E-A1FB-44DB-A48C-2357ADA207AC}"
EndProject
Global
	GlobalSection(SolutionConfigurationPlatforms) = preSolution
		Debug|Any CPU = Debug|Any CPU
		Release|Any CPU = Release|Any CPU
	EndGlobalSection
	GlobalSection(ProjectConfigurationPlatforms) = postSolution
		{FA9D8E8E-A1FB-44DB-A48C-2357ADA207AC}.Debug|Any CPU.ActiveCfg = Debug|Any CPU
		{FA9D8E8E-A1FB-44DB-A48C-2357ADA207AC}.Debug|Any CPU.Build.0 = Debug|Any CPU
		{FA9D8E8E-A1FB-44DB-A48C-2357ADA207AC}.Release|Any CPU.ActiveCfg = Release|Any CPU
		{FA9D8E8E-A1FB-44DB-A48C-2357ADA207AC}.Release|Any CPU.Build.0 = Release|Any CPU
	EndGlobalSection
	GlobalSection(SolutionProperties) = preSolution
		HideSolutionNode = FALSE
	EndGlobalSection
	GlobalSection(ExtensibilityGlobals) = postSolution
		SolutionGuid = {D7FF112D-4197-48A2-97E7-39A4B70B3873}
	EndGlobalSection
EndGlobal
